
Microsoft Visual Studio Solution File, Format Version 12.00
# Visual Studio 15
VisualStudioVersion = 15.0.28010.2003
MinimumVisualStudioVersion = 10.0.40219.1
Project("{9A19103F-16F7-4668-BE54-9A1E7A4F7556}") = "SocketCommunicationFoundation", "SocketCommunicationFoundation\SocketCommunicationFoundation.csproj", "{B2DCCD6D-1B16-4F1F-92BE-6F12E0592640}"
EndProject
Project("{2150E333-8FDC-42A3-9474-1A3956D46DE8}") = "Test", "Test", "{DEA2FDFF-9FDA-488C-89A6-1313BC891C08}"
	ProjectSection(SolutionItems) = preProject
		Instruction.txt = Instruction.txt
	EndProjectSection
EndProject
Project("{2150E333-8FDC-42A3-9474-1A3956D46DE8}") = "Case01", "Case01", "{B3B0CCC1-0470-443D-8DBF-E5C8EA82B6CD}"
EndProject
Project("{2150E333-8FDC-42A3-9474-1A3956D46DE8}") = "Case02", "Case02", "{A2145EDA-1EA6-4A53-AF69-2F07D7DAF196}"
EndProject
Project("{2150E333-8FDC-42A3-9474-1A3956D46DE8}") = "Case03", "Case03", "{9CD37622-15A4-47C5-A1FB-862ACC7E3F85}"
EndProject
Project("{FAE04EC0-301F-11D3-BF4B-00C04F79EFBC}") = "TestCase01Server", "TestCase01Server\TestCase01Server.csproj", "{62A70DE3-B0A4-421A-B015-B51B84373AEB}"
EndProject
Project("{FAE04EC0-301F-11D3-BF4B-00C04F79EFBC}") = "TestCase01Client", "TestCase01Client\TestCase01Client.csproj", "{4C4953AA-EB40-453F-8698-899D4D23C2BC}"
EndProject
Project("{FAE04EC0-301F-11D3-BF4B-00C04F79EFBC}") = "TestCase02Server", "TestCase02Server\TestCase02Server.csproj", "{991AB415-A440-4253-8270-C4D1F516FB8C}"
EndProject
Project("{FAE04EC0-301F-11D3-BF4B-00C04F79EFBC}") = "TestCase02Client", "TestCase02Client\TestCase02Client.csproj", "{93E95712-EA7F-42B2-ADB5-B7FC1A4D210A}"
EndProject
Project("{FAE04EC0-301F-11D3-BF4B-00C04F79EFBC}") = "TestCase03Server", "TestCase03Server\TestCase03Server.csproj", "{39A3F179-A345-4B95-A40E-FE2C5E8B1EF4}"
EndProject
Project("{FAE04EC0-301F-11D3-BF4B-00C04F79EFBC}") = "TestCase03Client", "TestCase03Client\TestCase03Client.csproj", "{447C913F-4C7A-4A70-B8BE-3DBE0BC42D56}"
EndProject
Project("{2150E333-8FDC-42A3-9474-1A3956D46DE8}") = "Case04", "Case04", "{3F340FB8-78A5-4906-96B9-8CE13CD370B2}"
EndProject
Project("{FAE04EC0-301F-11D3-BF4B-00C04F79EFBC}") = "TestCase04Client", "TestCase04Client\TestCase04Client.csproj", "{F64B7246-C063-43A2-974F-770F66976579}"
EndProject
Project("{FAE04EC0-301F-11D3-BF4B-00C04F79EFBC}") = "TestCase04Server", "TestCase04Server\TestCase04Server.csproj", "{E87EB372-3BBD-4CF7-938B-07543F70C4AD}"
EndProject
Project("{2150E333-8FDC-42A3-9474-1A3956D46DE8}") = "Case06", "Case06", "{7075B962-45E4-403B-ACF7-E93F0364E7DA}"
EndProject
Project("{FAE04EC0-301F-11D3-BF4B-00C04F79EFBC}") = "TestCase06Server", "TestCase06Server\TestCase06Server.csproj", "{0F7ABFA4-6ABA-4A4E-8CAD-5B0DB6477EB5}"
EndProject
Project("{FAE04EC0-301F-11D3-BF4B-00C04F79EFBC}") = "TestCase06Client", "TestCase06Client\TestCase06Client.csproj", "{F54DD5BD-D7A5-4451-A4BA-37E25ABA0558}"
EndProject
Project("{2150E333-8FDC-42A3-9474-1A3956D46DE8}") = "Case07", "Case07", "{E5D0BB55-411F-4FAE-B55E-34AF3678B651}"
EndProject
Project("{FAE04EC0-301F-11D3-BF4B-00C04F79EFBC}") = "TestCase07Client", "TestCase07Client\TestCase07Client.csproj", "{38C5D310-BAD1-4DDC-9006-8124EF8C1F75}"
EndProject
Project("{FAE04EC0-301F-11D3-BF4B-00C04F79EFBC}") = "TestCase07Server", "TestCase07Server\TestCase07Server.csproj", "{6093DAC4-13CD-4127-A6AF-67107E41178A}"
EndProject
Global
	GlobalSection(SolutionConfigurationPlatforms) = preSolution
		Debug|Any CPU = Debug|Any CPU
		Release|Any CPU = Release|Any CPU
	EndGlobalSection
	GlobalSection(ProjectConfigurationPlatforms) = postSolution
		{B2DCCD6D-1B16-4F1F-92BE-6F12E0592640}.Debug|Any CPU.ActiveCfg = Debug|Any CPU
		{B2DCCD6D-1B16-4F1F-92BE-6F12E0592640}.Debug|Any CPU.Build.0 = Debug|Any CPU
		{B2DCCD6D-1B16-4F1F-92BE-6F12E0592640}.Release|Any CPU.ActiveCfg = Release|Any CPU
		{B2DCCD6D-1B16-4F1F-92BE-6F12E0592640}.Release|Any CPU.Build.0 = Release|Any CPU
		{62A70DE3-B0A4-421A-B015-B51B84373AEB}.Debug|Any CPU.ActiveCfg = Debug|Any CPU
		{62A70DE3-B0A4-421A-B015-B51B84373AEB}.Debug|Any CPU.Build.0 = Debug|Any CPU
		{62A70DE3-B0A4-421A-B015-B51B84373AEB}.Release|Any CPU.ActiveCfg = Release|Any CPU
		{62A70DE3-B0A4-421A-B015-B51B84373AEB}.Release|Any CPU.Build.0 = Release|Any CPU
		{4C4953AA-EB40-453F-8698-899D4D23C2BC}.Debug|Any CPU.ActiveCfg = Debug|Any CPU
		{4C4953AA-EB40-453F-8698-899D4D23C2BC}.Debug|Any CPU.Build.0 = Debug|Any CPU
		{4C4953AA-EB40-453F-8698-899D4D23C2BC}.Release|Any CPU.ActiveCfg = Release|Any CPU
		{4C4953AA-EB40-453F-8698-899D4D23C2BC}.Release|Any CPU.Build.0 = Release|Any CPU
		{991AB415-A440-4253-8270-C4D1F516FB8C}.Debug|Any CPU.ActiveCfg = Debug|Any CPU
		{991AB415-A440-4253-8270-C4D1F516FB8C}.Debug|Any CPU.Build.0 = Debug|Any CPU
		{991AB415-A440-4253-8270-C4D1F516FB8C}.Release|Any CPU.ActiveCfg = Release|Any CPU
		{991AB415-A440-4253-8270-C4D1F516FB8C}.Release|Any CPU.Build.0 = Release|Any CPU
		{93E95712-EA7F-42B2-ADB5-B7FC1A4D210A}.Debug|Any CPU.ActiveCfg = Debug|Any CPU
		{93E95712-EA7F-42B2-ADB5-B7FC1A4D210A}.Debug|Any CPU.Build.0 = Debug|Any CPU
		{93E95712-EA7F-42B2-ADB5-B7FC1A4D210A}.Release|Any CPU.ActiveCfg = Release|Any CPU
		{93E95712-EA7F-42B2-ADB5-B7FC1A4D210A}.Release|Any CPU.Build.0 = Release|Any CPU
		{39A3F179-A345-4B95-A40E-FE2C5E8B1EF4}.Debug|Any CPU.ActiveCfg = Debug|Any CPU
		{39A3F179-A345-4B95-A40E-FE2C5E8B1EF4}.Debug|Any CPU.Build.0 = Debug|Any CPU
		{39A3F179-A345-4B95-A40E-FE2C5E8B1EF4}.Release|Any CPU.ActiveCfg = Release|Any CPU
		{39A3F179-A345-4B95-A40E-FE2C5E8B1EF4}.Release|Any CPU.Build.0 = Release|Any CPU
		{447C913F-4C7A-4A70-B8BE-3DBE0BC42D56}.Debug|Any CPU.ActiveCfg = Debug|Any CPU
		{447C913F-4C7A-4A70-B8BE-3DBE0BC42D56}.Debug|Any CPU.Build.0 = Debug|Any CPU
		{447C913F-4C7A-4A70-B8BE-3DBE0BC42D56}.Release|Any CPU.ActiveCfg = Release|Any CPU
		{447C913F-4C7A-4A70-B8BE-3DBE0BC42D56}.Release|Any CPU.Build.0 = Release|Any CPU
		{F64B7246-C063-43A2-974F-770F66976579}.Debug|Any CPU.ActiveCfg = Debug|Any CPU
		{F64B7246-C063-43A2-974F-770F66976579}.Debug|Any CPU.Build.0 = Debug|Any CPU
		{F64B7246-C063-43A2-974F-770F66976579}.Release|Any CPU.ActiveCfg = Release|Any CPU
		{F64B7246-C063-43A2-974F-770F66976579}.Release|Any CPU.Build.0 = Release|Any CPU
		{E87EB372-3BBD-4CF7-938B-07543F70C4AD}.Debug|Any CPU.ActiveCfg = Debug|Any CPU
		{E87EB372-3BBD-4CF7-938B-07543F70C4AD}.Debug|Any CPU.Build.0 = Debug|Any CPU
		{E87EB372-3BBD-4CF7-938B-07543F70C4AD}.Release|Any CPU.ActiveCfg = Release|Any CPU
		{E87EB372-3BBD-4CF7-938B-07543F70C4AD}.Release|Any CPU.Build.0 = Release|Any CPU
		{0F7ABFA4-6ABA-4A4E-8CAD-5B0DB6477EB5}.Debug|Any CPU.ActiveCfg = Debug|Any CPU
		{0F7ABFA4-6ABA-4A4E-8CAD-5B0DB6477EB5}.Debug|Any CPU.Build.0 = Debug|Any CPU
		{0F7ABFA4-6ABA-4A4E-8CAD-5B0DB6477EB5}.Release|Any CPU.ActiveCfg = Release|Any CPU
		{0F7ABFA4-6ABA-4A4E-8CAD-5B0DB6477EB5}.Release|Any CPU.Build.0 = Release|Any CPU
		{F54DD5BD-D7A5-4451-A4BA-37E25ABA0558}.Debug|Any CPU.ActiveCfg = Debug|Any CPU
		{F54DD5BD-D7A5-4451-A4BA-37E25ABA0558}.Debug|Any CPU.Build.0 = Debug|Any CPU
		{F54DD5BD-D7A5-4451-A4BA-37E25ABA0558}.Release|Any CPU.ActiveCfg = Release|Any CPU
		{F54DD5BD-D7A5-4451-A4BA-37E25ABA0558}.Release|Any CPU.Build.0 = Release|Any CPU
		{38C5D310-BAD1-4DDC-9006-8124EF8C1F75}.Debug|Any CPU.ActiveCfg = Debug|Any CPU
		{38C5D310-BAD1-4DDC-9006-8124EF8C1F75}.Debug|Any CPU.Build.0 = Debug|Any CPU
		{38C5D310-BAD1-4DDC-9006-8124EF8C1F75}.Release|Any CPU.ActiveCfg = Release|Any CPU
		{38C5D310-BAD1-4DDC-9006-8124EF8C1F75}.Release|Any CPU.Build.0 = Release|Any CPU
		{6093DAC4-13CD-4127-A6AF-67107E41178A}.Debug|Any CPU.ActiveCfg = Debug|Any CPU
		{6093DAC4-13CD-4127-A6AF-67107E41178A}.Debug|Any CPU.Build.0 = Debug|Any CPU
		{6093DAC4-13CD-4127-A6AF-67107E41178A}.Release|Any CPU.ActiveCfg = Release|Any CPU
		{6093DAC4-13CD-4127-A6AF-67107E41178A}.Release|Any CPU.Build.0 = Release|Any CPU
	EndGlobalSection
	GlobalSection(SolutionProperties) = preSolution
		HideSolutionNode = FALSE
	EndGlobalSection
	GlobalSection(NestedProjects) = preSolution
		{B3B0CCC1-0470-443D-8DBF-E5C8EA82B6CD} = {DEA2FDFF-9FDA-488C-89A6-1313BC891C08}
		{A2145EDA-1EA6-4A53-AF69-2F07D7DAF196} = {DEA2FDFF-9FDA-488C-89A6-1313BC891C08}
		{9CD37622-15A4-47C5-A1FB-862ACC7E3F85} = {DEA2FDFF-9FDA-488C-89A6-1313BC891C08}
		{62A70DE3-B0A4-421A-B015-B51B84373AEB} = {B3B0CCC1-0470-443D-8DBF-E5C8EA82B6CD}
		{4C4953AA-EB40-453F-8698-899D4D23C2BC} = {B3B0CCC1-0470-443D-8DBF-E5C8EA82B6CD}
		{991AB415-A440-4253-8270-C4D1F516FB8C} = {A2145EDA-1EA6-4A53-AF69-2F07D7DAF196}
		{93E95712-EA7F-42B2-ADB5-B7FC1A4D210A} = {A2145EDA-1EA6-4A53-AF69-2F07D7DAF196}
		{39A3F179-A345-4B95-A40E-FE2C5E8B1EF4} = {9CD37622-15A4-47C5-A1FB-862ACC7E3F85}
		{447C913F-4C7A-4A70-B8BE-3DBE0BC42D56} = {9CD37622-15A4-47C5-A1FB-862ACC7E3F85}
		{3F340FB8-78A5-4906-96B9-8CE13CD370B2} = {DEA2FDFF-9FDA-488C-89A6-1313BC891C08}
		{F64B7246-C063-43A2-974F-770F66976579} = {3F340FB8-78A5-4906-96B9-8CE13CD370B2}
		{E87EB372-3BBD-4CF7-938B-07543F70C4AD} = {3F340FB8-78A5-4906-96B9-8CE13CD370B2}
		{7075B962-45E4-403B-ACF7-E93F0364E7DA} = {DEA2FDFF-9FDA-488C-89A6-1313BC891C08}
		{0F7ABFA4-6ABA-4A4E-8CAD-5B0DB6477EB5} = {7075B962-45E4-403B-ACF7-E93F0364E7DA}
		{F54DD5BD-D7A5-4451-A4BA-37E25ABA0558} = {7075B962-45E4-403B-ACF7-E93F0364E7DA}
		{E5D0BB55-411F-4FAE-B55E-34AF3678B651} = {DEA2FDFF-9FDA-488C-89A6-1313BC891C08}
		{38C5D310-BAD1-4DDC-9006-8124EF8C1F75} = {E5D0BB55-411F-4FAE-B55E-34AF3678B651}
		{6093DAC4-13CD-4127-A6AF-67107E41178A} = {E5D0BB55-411F-4FAE-B55E-34AF3678B651}
	EndGlobalSection
	GlobalSection(ExtensibilityGlobals) = postSolution
		SolutionGuid = {409BA369-4228-4ABC-8F09-393399D97AE3}
	EndGlobalSection
EndGlobal
